
Microsoft Visual Studio Solution File, Format Version 12.00
# Visual Studio Version 17
VisualStudioVersion = 17.0.31903.59
MinimumVisualStudioVersion = 10.0.40219.1
Project("{FAE04EC0-301F-11D3-BF4B-00C04F79EFBC}") = "hellokernel", "hellokernel\hellokernel.csproj", "{B4C95C9B-9175-4085-B14C-87C02921A4D1}"
EndProject
Project("{FAE04EC0-301F-11D3-BF4B-00C04F79EFBC}") = "AspireApp.AppHost", "AspireApp.AppHost\AspireApp.AppHost.csproj", "{F31FAED8-6E97-4C4E-8812-9827C6749051}"
EndProject
Project("{FAE04EC0-301F-11D3-BF4B-00C04F79EFBC}") = "AspireApp.ServiceDefaults", "AspireApp.ServiceDefaults\AspireApp.ServiceDefaults.csproj", "{09FDC63E-7E20-42FE-8549-1C99B109AC95}"
EndProject
Project("{FAE04EC0-301F-11D3-BF4B-00C04F79EFBC}") = "AspireApp.Web", "AspireApp.Web\AspireApp.Web.csproj", "{40255DC2-12B9-46A5-AF6F-E05D3763A32A}"
EndProject
Global
	GlobalSection(SolutionConfigurationPlatforms) = preSolution
		Debug|Any CPU = Debug|Any CPU
		Release|Any CPU = Release|Any CPU
	EndGlobalSection
	GlobalSection(SolutionProperties) = preSolution
		HideSolutionNode = FALSE
	EndGlobalSection
	GlobalSection(ProjectConfigurationPlatforms) = postSolution
		{B4C95C9B-9175-4085-B14C-87C02921A4D1}.Debug|Any CPU.ActiveCfg = Debug|Any CPU
		{B4C95C9B-9175-4085-B14C-87C02921A4D1}.Debug|Any CPU.Build.0 = Debug|Any CPU
		{B4C95C9B-9175-4085-B14C-87C02921A4D1}.Release|Any CPU.ActiveCfg = Release|Any CPU
		{B4C95C9B-9175-4085-B14C-87C02921A4D1}.Release|Any CPU.Build.0 = Release|Any CPU
		{F31FAED8-6E97-4C4E-8812-9827C6749051}.Debug|Any CPU.ActiveCfg = Debug|Any CPU
		{F31FAED8-6E97-4C4E-8812-9827C6749051}.Debug|Any CPU.Build.0 = Debug|Any CPU
		{F31FAED8-6E97-4C4E-8812-9827C6749051}.Release|Any CPU.ActiveCfg = Release|Any CPU
		{F31FAED8-6E97-4C4E-8812-9827C6749051}.Release|Any CPU.Build.0 = Release|Any CPU
		{09FDC63E-7E20-42FE-8549-1C99B109AC95}.Debug|Any CPU.ActiveCfg = Debug|Any CPU
		{09FDC63E-7E20-42FE-8549-1C99B109AC95}.Debug|Any CPU.Build.0 = Debug|Any CPU
		{09FDC63E-7E20-42FE-8549-1C99B109AC95}.Release|Any CPU.ActiveCfg = Release|Any CPU
		{09FDC63E-7E20-42FE-8549-1C99B109AC95}.Release|Any CPU.Build.0 = Release|Any CPU
		{40255DC2-12B9-46A5-AF6F-E05D3763A32A}.Debug|Any CPU.ActiveCfg = Debug|Any CPU
		{40255DC2-12B9-46A5-AF6F-E05D3763A32A}.Debug|Any CPU.Build.0 = Debug|Any CPU
		{40255DC2-12B9-46A5-AF6F-E05D3763A32A}.Release|Any CPU.ActiveCfg = Release|Any CPU
		{40255DC2-12B9-46A5-AF6F-E05D3763A32A}.Release|Any CPU.Build.0 = Release|Any CPU
	EndGlobalSection
EndGlobal
