
Microsoft Visual Studio Solution File, Format Version 12.00
# Visual Studio Version 17
VisualStudioVersion = 17.0.31903.59
MinimumVisualStudioVersion = 10.0.40219.1
Project("{FAE04EC0-301F-11D3-BF4B-00C04F79EFBC}") = "AspireApp.AppHost", "AspireApp.AppHost\AspireApp.AppHost.csproj", "{969FD88F-3C12-417D-9694-1853A4DACAE2}"
EndProject
Project("{FAE04EC0-301F-11D3-BF4B-00C04F79EFBC}") = "AspireApp.ServiceDefaults", "AspireApp.ServiceDefaults\AspireApp.ServiceDefaults.csproj", "{95B96966-2878-4193-88E0-7DB45B7E4E70}"
EndProject
Project("{FAE04EC0-301F-11D3-BF4B-00C04F79EFBC}") = "KernelApi", "KernelApi\KernelApi.csproj", "{BF9665A6-A18C-4877-B47B-FCA67C320578}"
EndProject
Global
	GlobalSection(SolutionConfigurationPlatforms) = preSolution
		Debug|Any CPU = Debug|Any CPU
		Release|Any CPU = Release|Any CPU
	EndGlobalSection
	GlobalSection(SolutionProperties) = preSolution
		HideSolutionNode = FALSE
	EndGlobalSection
	GlobalSection(ProjectConfigurationPlatforms) = postSolution
		{969FD88F-3C12-417D-9694-1853A4DACAE2}.Debug|Any CPU.ActiveCfg = Debug|Any CPU
		{969FD88F-3C12-417D-9694-1853A4DACAE2}.Debug|Any CPU.Build.0 = Debug|Any CPU
		{969FD88F-3C12-417D-9694-1853A4DACAE2}.Release|Any CPU.ActiveCfg = Release|Any CPU
		{969FD88F-3C12-417D-9694-1853A4DACAE2}.Release|Any CPU.Build.0 = Release|Any CPU
		{95B96966-2878-4193-88E0-7DB45B7E4E70}.Debug|Any CPU.ActiveCfg = Debug|Any CPU
		{95B96966-2878-4193-88E0-7DB45B7E4E70}.Debug|Any CPU.Build.0 = Debug|Any CPU
		{95B96966-2878-4193-88E0-7DB45B7E4E70}.Release|Any CPU.ActiveCfg = Release|Any CPU
		{95B96966-2878-4193-88E0-7DB45B7E4E70}.Release|Any CPU.Build.0 = Release|Any CPU
		{BF9665A6-A18C-4877-B47B-FCA67C320578}.Debug|Any CPU.ActiveCfg = Debug|Any CPU
		{BF9665A6-A18C-4877-B47B-FCA67C320578}.Debug|Any CPU.Build.0 = Debug|Any CPU
		{BF9665A6-A18C-4877-B47B-FCA67C320578}.Release|Any CPU.ActiveCfg = Release|Any CPU
		{BF9665A6-A18C-4877-B47B-FCA67C320578}.Release|Any CPU.Build.0 = Release|Any CPU
	EndGlobalSection
EndGlobal
