Microsoft Visual Studio Solution File, Format Version 12.00
# Visual Studio Version 17
VisualStudioVersion = 17.5.2.0
MinimumVisualStudioVersion = 10.0.40219.1
Project("{FAE04EC0-301F-11D3-BF4B-00C04F79EFBC}") = "AspireApp.AppHost", "AspireApp.AppHost.csproj", "{D1913087-ABF4-61B1-8953-CA5960D666AF}"
EndProject
Global
	GlobalSection(SolutionConfigurationPlatforms) = preSolution
		Debug|Any CPU = Debug|Any CPU
		Release|Any CPU = Release|Any CPU
	EndGlobalSection
	GlobalSection(ProjectConfigurationPlatforms) = postSolution
		{D1913087-ABF4-61B1-8953-CA5960D666AF}.Debug|Any CPU.ActiveCfg = Debug|Any CPU
		{D1913087-ABF4-61B1-8953-CA5960D666AF}.Debug|Any CPU.Build.0 = Debug|Any CPU
		{D1913087-ABF4-61B1-8953-CA5960D666AF}.Release|Any CPU.ActiveCfg = Release|Any CPU
		{D1913087-ABF4-61B1-8953-CA5960D666AF}.Release|Any CPU.Build.0 = Release|Any CPU
	EndGlobalSection
	GlobalSection(SolutionProperties) = preSolution
		HideSolutionNode = FALSE
	EndGlobalSection
	GlobalSection(ExtensibilityGlobals) = postSolution
		SolutionGuid = {3A364AFB-761F-4E1F-8D46-B4ABA287EB9B}
	EndGlobalSection
EndGlobal
